
Microsoft Visual Studio Solution File, Format Version 12.00
# Visual Studio Version 17
VisualStudioVersion = 17.14.36408.4 d17.14
MinimumVisualStudioVersion = 10.0.40219.1
Project("{FAE04EC0-301F-11D3-BF4B-00C04F79EFBC}") = "FluffyByte.MUDServer", "FluffyByte.MUDServer.csproj", "{CAF44192-66C0-4432-B5C1-1F762E7A13AF}"
EndProject
Global
	GlobalSection(SolutionConfigurationPlatforms) = preSolution
		Debug|Any CPU = Debug|Any CPU
		Release|Any CPU = Release|Any CPU
	EndGlobalSection
	GlobalSection(ProjectConfigurationPlatforms) = postSolution
		{CAF44192-66C0-4432-B5C1-1F762E7A13AF}.Debug|Any CPU.ActiveCfg = Debug|Any CPU
		{CAF44192-66C0-4432-B5C1-1F762E7A13AF}.Debug|Any CPU.Build.0 = Debug|Any CPU
		{CAF44192-66C0-4432-B5C1-1F762E7A13AF}.Release|Any CPU.ActiveCfg = Release|Any CPU
		{CAF44192-66C0-4432-B5C1-1F762E7A13AF}.Release|Any CPU.Build.0 = Release|Any CPU
	EndGlobalSection
	GlobalSection(SolutionProperties) = preSolution
		HideSolutionNode = FALSE
	EndGlobalSection
	GlobalSection(ExtensibilityGlobals) = postSolution
		SolutionGuid = {BFD1FA5D-F596-4CB1-AEE8-30B13871D093}
	EndGlobalSection
EndGlobal
